// !$*UTF8*$!
{
	archiveVersion = 1;
	classes = {
	};
	objectVersion = 46;
	objects = {

/* Begin PBXBuildFile section */
		278276E21CB7E7C200F19E71 /* AppDelegate.swift in Sources */ = {isa = PBXBuildFile; fileRef = 278276E11CB7E7C200F19E71 /* AppDelegate.swift */; };
		278276E41CB7E7C200F19E71 /* ViewController.swift in Sources */ = {isa = PBXBuildFile; fileRef = 278276E31CB7E7C200F19E71 /* ViewController.swift */; };
		278276E71CB7E7C200F19E71 /* Main.storyboard in Resources */ = {isa = PBXBuildFile; fileRef = 278276E51CB7E7C200F19E71 /* Main.storyboard */; };
		278276E91CB7E7C200F19E71 /* Assets.xcassets in Resources */ = {isa = PBXBuildFile; fileRef = 278276E81CB7E7C200F19E71 /* Assets.xcassets */; };
		278276EC1CB7E7C200F19E71 /* LaunchScreen.storyboard in Resources */ = {isa = PBXBuildFile; fileRef = 278276EA1CB7E7C200F19E71 /* LaunchScreen.storyboard */; };
		278276F41CB7E8FC00F19E71 /* WebRequestViewController.swift in Sources */ = {isa = PBXBuildFile; fileRef = 278276F31CB7E8FC00F19E71 /* WebRequestViewController.swift */; };
		278FDB7C1CB8191E00273A0B /* ComputationViewController.swift in Sources */ = {isa = PBXBuildFile; fileRef = 278FDB7B1CB8191E00273A0B /* ComputationViewController.swift */; };
/* End PBXBuildFile section */

/* Begin PBXFileReference section */
		278276DE1CB7E7C200F19E71 /* ArtigoCientifico.app */ = {isa = PBXFileReference; explicitFileType = wrapper.application; includeInIndex = 0; path = ArtigoCientifico.app; sourceTree = BUILT_PRODUCTS_DIR; };
		278276E11CB7E7C200F19E71 /* AppDelegate.swift */ = {isa = PBXFileReference; lastKnownFileType = sourcecode.swift; path = AppDelegate.swift; sourceTree = "<group>"; };
		278276E31CB7E7C200F19E71 /* ViewController.swift */ = {isa = PBXFileReference; lastKnownFileType = sourcecode.swift; path = ViewController.swift; sourceTree = "<group>"; };
		278276E61CB7E7C200F19E71 /* Base */ = {isa = PBXFileReference; lastKnownFileType = file.storyboard; name = Base; path = Base.lproj/Main.storyboard; sourceTree = "<group>"; };
		278276E81CB7E7C200F19E71 /* Assets.xcassets */ = {isa = PBXFileReference; lastKnownFileType = folder.assetcatalog; path = Assets.xcassets; sourceTree = "<group>"; };
		278276EB1CB7E7C200F19E71 /* Base */ = {isa = PBXFileReference; lastKnownFileType = file.storyboard; name = Base; path = Base.lproj/LaunchScreen.storyboard; sourceTree = "<group>"; };
		278276ED1CB7E7C200F19E71 /* Info.plist */ = {isa = PBXFileReference; lastKnownFileType = text.plist.xml; path = Info.plist; sourceTree = "<group>"; };
		278276F31CB7E8FC00F19E71 /* WebRequestViewController.swift */ = {isa = PBXFileReference; fileEncoding = 4; lastKnownFileType = sourcecode.swift; path = WebRequestViewController.swift; sourceTree = "<group>"; };
		278FDB7B1CB8191E00273A0B /* ComputationViewController.swift */ = {isa = PBXFileReference; fileEncoding = 4; lastKnownFileType = sourcecode.swift; path = ComputationViewController.swift; sourceTree = "<group>"; };
/* End PBXFileReference section */

/* Begin PBXFrameworksBuildPhase section */
		278276DB1CB7E7C200F19E71 /* Frameworks */ = {
			isa = PBXFrameworksBuildPhase;
			buildActionMask = 2147483647;
			files = (
			);
			runOnlyForDeploymentPostprocessing = 0;
		};
/* End PBXFrameworksBuildPhase section */

/* Begin PBXGroup section */
		278276D51CB7E7C200F19E71 = {
			isa = PBXGroup;
			children = (
				278276E01CB7E7C200F19E71 /* ArtigoCientifico */,
				278276DF1CB7E7C200F19E71 /* Products */,
			);
			sourceTree = "<group>";
		};
		278276DF1CB7E7C200F19E71 /* Products */ = {
			isa = PBXGroup;
			children = (
				278276DE1CB7E7C200F19E71 /* ArtigoCientifico.app */,
			);
			name = Products;
			sourceTree = "<group>";
		};
		278276E01CB7E7C200F19E71 /* ArtigoCientifico */ = {
			isa = PBXGroup;
			children = (
				278276E11CB7E7C200F19E71 /* AppDelegate.swift */,
				278276E31CB7E7C200F19E71 /* ViewController.swift */,
				278276E51CB7E7C200F19E71 /* Main.storyboard */,
				278276E81CB7E7C200F19E71 /* Assets.xcassets */,
				278276EA1CB7E7C200F19E71 /* LaunchScreen.storyboard */,
				278276ED1CB7E7C200F19E71 /* Info.plist */,
				278276F31CB7E8FC00F19E71 /* WebRequestViewController.swift */,
				278FDB7B1CB8191E00273A0B /* ComputationViewController.swift */,
			);
			path = ArtigoCientifico;
			sourceTree = "<group>";
		};
/* End PBXGroup section */

/* Begin PBXNativeTarget section */
		278276DD1CB7E7C200F19E71 /* ArtigoCientifico */ = {
			isa = PBXNativeTarget;
			buildConfigurationList = 278276F01CB7E7C200F19E71 /* Build configuration list for PBXNativeTarget "ArtigoCientifico" */;
			buildPhases = (
				278276DA1CB7E7C200F19E71 /* Sources */,
				278276DB1CB7E7C200F19E71 /* Frameworks */,
				278276DC1CB7E7C200F19E71 /* Resources */,
			);
			buildRules = (
			);
			dependencies = (
			);
			name = ArtigoCientifico;
			productName = ArtigoCientifico;
			productReference = 278276DE1CB7E7C200F19E71 /* ArtigoCientifico.app */;
			productType = "com.apple.product-type.application";
		};
/* End PBXNativeTarget section */

/* Begin PBXProject section */
		278276D61CB7E7C200F19E71 /* Project object */ = {
			isa = PBXProject;
			attributes = {
				LastSwiftUpdateCheck = 0730;
				LastUpgradeCheck = 0730;
				ORGANIZATIONNAME = "Wilckerson Ganda";
				TargetAttributes = {
					278276DD1CB7E7C200F19E71 = {
						CreatedOnToolsVersion = 7.3;
					};
				};
			};
			buildConfigurationList = 278276D91CB7E7C200F19E71 /* Build configuration list for PBXProject "ArtigoCientifico" */;
			compatibilityVersion = "Xcode 3.2";
			developmentRegion = English;
			hasScannedForEncodings = 0;
			knownRegions = (
				en,
				Base,
			);
			mainGroup = 278276D51CB7E7C200F19E71;
			productRefGroup = 278276DF1CB7E7C200F19E71 /* Products */;
			projectDirPath = "";
			projectRoot = "";
			targets = (
				278276DD1CB7E7C200F19E71 /* ArtigoCientifico */,
			);
		};
/* End PBXProject section */

/* Begin PBXResourcesBuildPhase section */
		278276DC1CB7E7C200F19E71 /* Resources */ = {
			isa = PBXResourcesBuildPhase;
			buildActionMask = 2147483647;
			files = (
				278276EC1CB7E7C200F19E71 /* LaunchScreen.storyboard in Resources */,
				278276E91CB7E7C200F19E71 /* Assets.xcassets in Resources */,
				278276E71CB7E7C200F19E71 /* Main.storyboard in Resources */,
			);
			runOnlyForDeploymentPostprocessing = 0;
		};
/* End PBXResourcesBuildPhase section */

/* Begin PBXSourcesBuildPhase section */
		278276DA1CB7E7C200F19E71 /* Sources */ = {
			isa = PBXSourcesBuildPhase;
			buildActionMask = 2147483647;
			files = (
				278FDB7C1CB8191E00273A0B /* ComputationViewController.swift in Sources */,
				278276E41CB7E7C200F19E71 /* ViewController.swift in Sources */,
				278276E21CB7E7C200F19E71 /* AppDelegate.swift in Sources */,
				278276F41CB7E8FC00F19E71 /* WebRequestViewController.swift in Sources */,
			);
			runOnlyForDeploymentPostprocessing = 0;
		};
/* End PBXSourcesBuildPhase section */

/* Begin PBXVariantGroup section */
		278276E51CB7E7C200F19E71 /* Main.storyboard */ = {
			isa = PBXVariantGroup;
			children = (
				278276E61CB7E7C200F19E71 /* Base */,
			);
			name = Main.storyboard;
			sourceTree = "<group>";
		};
		278276EA1CB7E7C200F19E71 /* LaunchScreen.storyboard */ = {
			isa = PBXVariantGroup;
			children = (
				278276EB1CB7E7C200F19E71 /* Base */,
			);
			name = LaunchScreen.storyboard;
			sourceTree = "<group>";
		};
/* End PBXVariantGroup section */

/* Begin XCBuildConfiguration section */
		278276EE1CB7E7C200F19E71 /* Debug */ = {
			isa = XCBuildConfiguration;
			buildSettings = {
				ALWAYS_SEARCH_USER_PATHS = NO;
				CLANG_ANALYZER_NONNULL = YES;
				CLANG_CXX_LANGUAGE_STANDARD = "gnu++0x";
				CLANG_CXX_LIBRARY = "libc++";
				CLANG_ENABLE_MODULES = YES;
				CLANG_ENABLE_OBJC_ARC = YES;
				CLANG_WARN_BOOL_CONVERSION = YES;
				CLANG_WARN_CONSTANT_CONVERSION = YES;
				CLANG_WARN_DIRECT_OBJC_ISA_USAGE = YES_ERROR;
				CLANG_WARN_EMPTY_BODY = YES;
				CLANG_WARN_ENUM_CONVERSION = YES;
				CLANG_WARN_INT_CONVERSION = YES;
				CLANG_WARN_OBJC_ROOT_CLASS = YES_ERROR;
				CLANG_WARN_UNREACHABLE_CODE = YES;
				CLANG_WARN__DUPLICATE_METHOD_MATCH = YES;
				"CODE_SIGN_IDENTITY[sdk=iphoneos*]" = "iPhone Developer";
				COPY_PHASE_STRIP = NO;
				DEBUG_INFORMATION_FORMAT = dwarf;
				ENABLE_STRICT_OBJC_MSGSEND = YES;
				ENABLE_TESTABILITY = YES;
				GCC_C_LANGUAGE_STANDARD = gnu99;
				GCC_DYNAMIC_NO_PIC = NO;
				GCC_NO_COMMON_BLOCKS = YES;
				GCC_OPTIMIZATION_LEVEL = 0;
				GCC_PREPROCESSOR_DEFINITIONS = (
					"DEBUG=1",
					"$(inherited)",
				);
				GCC_WARN_64_TO_32_BIT_CONVERSION = YES;
				GCC_WARN_ABOUT_RETURN_TYPE = YES_ERROR;
				GCC_WARN_UNDECLARED_SELECTOR = YES;
				GCC_WARN_UNINITIALIZED_AUTOS = YES_AGGRESSIVE;
				GCC_WARN_UNUSED_FUNCTION = YES;
				GCC_WARN_UNUSED_VARIABLE = YES;
				IPHONEOS_DEPLOYMENT_TARGET = 9.3;
				MTL_ENABLE_DEBUG_INFO = YES;
				ONLY_ACTIVE_ARCH = YES;
				SDKROOT = iphoneos;
				SWIFT_OPTIMIZATION_LEVEL = "-Onone";
				TARGETED_DEVICE_FAMILY = "1,2";
			};
			name = Debug;
		};
		278276EF1CB7E7C200F19E71 /* Release */ = {
			isa = XCBuildConfiguration;
			buildSettings = {
				ALWAYS_SEARCH_USER_PATHS = NO;
				CLANG_ANALYZER_NONNULL = YES;
				CLANG_CXX_LANGUAGE_STANDARD = "gnu++0x";
				CLANG_CXX_LIBRARY = "libc++";
				CLANG_ENABLE_MODULES = YES;
				CLANG_ENABLE_OBJC_ARC = YES;
				CLANG_WARN_BOOL_CONVERSION = YES;
				CLANG_WARN_CONSTANT_CONVERSION = YES;
				CLANG_WARN_DIRECT_OBJC_ISA_USAGE = YES_ERROR;
				CLANG_WARN_EMPTY_BODY = YES;
				CLANG_WARN_ENUM_CONVERSION = YES;
				CLANG_WARN_INT_CONVERSION = YES;
				CLANG_WARN_OBJC_ROOT_CLASS = YES_ERROR;
				CLANG_WARN_UNREACHABLE_CODE = YES;
				CLANG_WARN__DUPLICATE_METHOD_MATCH = YES;
				"CODE_SIGN_IDENTITY[sdk=iphoneos*]" = "iPhone Developer";
				COPY_PHASE_STRIP = NO;
				DEBUG_INFORMATION_FORMAT = "dwarf-with-dsym";
				ENABLE_NS_ASSERTIONS = NO;
				ENABLE_STRICT_OBJC_MSGSEND = YES;
				GCC_C_LANGUAGE_STANDARD = gnu99;
				GCC_NO_COMMON_BLOCKS = YES;
				GCC_WARN_64_TO_32_BIT_CONVERSION = YES;
				GCC_WARN_ABOUT_RETURN_TYPE = YES_ERROR;
				GCC_WARN_UNDECLARED_SELECTOR = YES;
				GCC_WARN_UNINITIALIZED_AUTOS = YES_AGGRESSIVE;
				GCC_WARN_UNUSED_FUNCTION = YES;
				GCC_WARN_UNUSED_VARIABLE = YES;
				IPHONEOS_DEPLOYMENT_TARGET = 9.3;
				MTL_ENABLE_DEBUG_INFO = NO;
				SDKROOT = iphoneos;
				TARGETED_DEVICE_FAMILY = "1,2";
				VALIDATE_PRODUCT = YES;
			};
			name = Release;
		};
		278276F11CB7E7C200F19E71 /* Debug */ = {
			isa = XCBuildConfiguration;
			buildSettings = {
				ASSETCATALOG_COMPILER_APPICON_NAME = AppIcon;
				INFOPLIST_FILE = ArtigoCientifico/Info.plist;
				LD_RUNPATH_SEARCH_PATHS = "$(inherited) @executable_path/Frameworks";
				PRODUCT_BUNDLE_IDENTIFIER = wilckerson.ArtigoCientifico;
				PRODUCT_NAME = "$(TARGET_NAME)";
			};
			name = Debug;
		};
		278276F21CB7E7C200F19E71 /* Release */ = {
			isa = XCBuildConfiguration;
			buildSettings = {
				ASSETCATALOG_COMPILER_APPICON_NAME = AppIcon;
				INFOPLIST_FILE = ArtigoCientifico/Info.plist;
				LD_RUNPATH_SEARCH_PATHS = "$(inherited) @executable_path/Frameworks";
				PRODUCT_BUNDLE_IDENTIFIER = wilckerson.ArtigoCientifico;
				PRODUCT_NAME = "$(TARGET_NAME)";
			};
			name = Release;
		};
/* End XCBuildConfiguration section */

/* Begin XCConfigurationList section */
		278276D91CB7E7C200F19E71 /* Build configuration list for PBXProject "ArtigoCientifico" */ = {
			isa = XCConfigurationList;
			buildConfigurations = (
				278276EE1CB7E7C200F19E71 /* Debug */,
				278276EF1CB7E7C200F19E71 /* Release */,
			);
			defaultConfigurationIsVisible = 0;
			defaultConfigurationName = Release;
		};
		278276F01CB7E7C200F19E71 /* Build configuration list for PBXNativeTarget "ArtigoCientifico" */ = {
			isa = XCConfigurationList;
			buildConfigurations = (
				278276F11CB7E7C200F19E71 /* Debug */,
				278276F21CB7E7C200F19E71 /* Release */,
			);
			defaultConfigurationIsVisible = 0;
			defaultConfigurationName = Release;
		};
/* End XCConfigurationList section */
	};
	rootObject = 278276D61CB7E7C200F19E71 /* Project object */;
}
