
Microsoft Visual Studio Solution File, Format Version 12.00
# Visual Studio 2012
Project("{FAE04EC0-301F-11D3-BF4B-00C04F79EFBC}") = "ArtigoCientifico", "ArtigoCientifico.csproj", "{F90680C2-91A6-4B91-9ECA-E3F214F1D235}"
EndProject
Project("{FAE04EC0-301F-11D3-BF4B-00C04F79EFBC}") = "ArtigoCientifico.iOS", "iOS\ArtigoCientifico.iOS.csproj", "{6B7183F9-F583-4F5A-8D96-A7A9213A78C5}"
EndProject
Project("{FAE04EC0-301F-11D3-BF4B-00C04F79EFBC}") = "ArtigoCientifico.Droid", "Droid\ArtigoCientifico.Droid.csproj", "{6D6C96DD-9164-4D6F-92C6-22583093866C}"
EndProject
Global
	GlobalSection(SolutionConfigurationPlatforms) = preSolution
		Debug|Any CPU = Debug|Any CPU
		Release|Any CPU = Release|Any CPU
		Debug|iPhoneSimulator = Debug|iPhoneSimulator
		Release|iPhone = Release|iPhone
		Release|iPhoneSimulator = Release|iPhoneSimulator
		Debug|iPhone = Debug|iPhone
	EndGlobalSection
	GlobalSection(ProjectConfigurationPlatforms) = postSolution
		{6B7183F9-F583-4F5A-8D96-A7A9213A78C5}.Debug|Any CPU.ActiveCfg = Debug|iPhoneSimulator
		{6B7183F9-F583-4F5A-8D96-A7A9213A78C5}.Debug|Any CPU.Build.0 = Debug|iPhoneSimulator
		{6B7183F9-F583-4F5A-8D96-A7A9213A78C5}.Debug|iPhone.ActiveCfg = Debug|iPhone
		{6B7183F9-F583-4F5A-8D96-A7A9213A78C5}.Debug|iPhone.Build.0 = Debug|iPhone
		{6B7183F9-F583-4F5A-8D96-A7A9213A78C5}.Debug|iPhoneSimulator.ActiveCfg = Debug|iPhoneSimulator
		{6B7183F9-F583-4F5A-8D96-A7A9213A78C5}.Debug|iPhoneSimulator.Build.0 = Debug|iPhoneSimulator
		{6B7183F9-F583-4F5A-8D96-A7A9213A78C5}.Release|Any CPU.ActiveCfg = Release|iPhone
		{6B7183F9-F583-4F5A-8D96-A7A9213A78C5}.Release|Any CPU.Build.0 = Release|iPhone
		{6B7183F9-F583-4F5A-8D96-A7A9213A78C5}.Release|iPhone.ActiveCfg = Release|iPhone
		{6B7183F9-F583-4F5A-8D96-A7A9213A78C5}.Release|iPhone.Build.0 = Release|iPhone
		{6B7183F9-F583-4F5A-8D96-A7A9213A78C5}.Release|iPhoneSimulator.ActiveCfg = Release|iPhoneSimulator
		{6B7183F9-F583-4F5A-8D96-A7A9213A78C5}.Release|iPhoneSimulator.Build.0 = Release|iPhoneSimulator
		{6D6C96DD-9164-4D6F-92C6-22583093866C}.Debug|Any CPU.ActiveCfg = Debug|Any CPU
		{6D6C96DD-9164-4D6F-92C6-22583093866C}.Debug|Any CPU.Build.0 = Debug|Any CPU
		{6D6C96DD-9164-4D6F-92C6-22583093866C}.Debug|iPhone.ActiveCfg = Debug|Any CPU
		{6D6C96DD-9164-4D6F-92C6-22583093866C}.Debug|iPhone.Build.0 = Debug|Any CPU
		{6D6C96DD-9164-4D6F-92C6-22583093866C}.Debug|iPhoneSimulator.ActiveCfg = Debug|Any CPU
		{6D6C96DD-9164-4D6F-92C6-22583093866C}.Debug|iPhoneSimulator.Build.0 = Debug|Any CPU
		{6D6C96DD-9164-4D6F-92C6-22583093866C}.Release|Any CPU.ActiveCfg = Release|Any CPU
		{6D6C96DD-9164-4D6F-92C6-22583093866C}.Release|Any CPU.Build.0 = Release|Any CPU
		{6D6C96DD-9164-4D6F-92C6-22583093866C}.Release|iPhone.ActiveCfg = Release|Any CPU
		{6D6C96DD-9164-4D6F-92C6-22583093866C}.Release|iPhone.Build.0 = Release|Any CPU
		{6D6C96DD-9164-4D6F-92C6-22583093866C}.Release|iPhoneSimulator.ActiveCfg = Release|Any CPU
		{6D6C96DD-9164-4D6F-92C6-22583093866C}.Release|iPhoneSimulator.Build.0 = Release|Any CPU
		{F90680C2-91A6-4B91-9ECA-E3F214F1D235}.Debug|Any CPU.ActiveCfg = Debug|Any CPU
		{F90680C2-91A6-4B91-9ECA-E3F214F1D235}.Debug|Any CPU.Build.0 = Debug|Any CPU
		{F90680C2-91A6-4B91-9ECA-E3F214F1D235}.Debug|iPhone.ActiveCfg = Debug|Any CPU
		{F90680C2-91A6-4B91-9ECA-E3F214F1D235}.Debug|iPhone.Build.0 = Debug|Any CPU
		{F90680C2-91A6-4B91-9ECA-E3F214F1D235}.Debug|iPhoneSimulator.ActiveCfg = Debug|Any CPU
		{F90680C2-91A6-4B91-9ECA-E3F214F1D235}.Debug|iPhoneSimulator.Build.0 = Debug|Any CPU
		{F90680C2-91A6-4B91-9ECA-E3F214F1D235}.Release|Any CPU.ActiveCfg = Release|Any CPU
		{F90680C2-91A6-4B91-9ECA-E3F214F1D235}.Release|Any CPU.Build.0 = Release|Any CPU
		{F90680C2-91A6-4B91-9ECA-E3F214F1D235}.Release|iPhone.ActiveCfg = Release|Any CPU
		{F90680C2-91A6-4B91-9ECA-E3F214F1D235}.Release|iPhone.Build.0 = Release|Any CPU
		{F90680C2-91A6-4B91-9ECA-E3F214F1D235}.Release|iPhoneSimulator.ActiveCfg = Release|Any CPU
		{F90680C2-91A6-4B91-9ECA-E3F214F1D235}.Release|iPhoneSimulator.Build.0 = Release|Any CPU
	EndGlobalSection
EndGlobal
